{
  "name": "kafka-compatibility-node",
  "version": "1.0.0",
  "lockfileVersion": 3,
  "requires": true,
  "packages": {
    "": {
      "name": "kafka-compatibility-node",
      "version": "1.0.0",
      "dependencies": {
        "@azure/functions": "file:/artifacts/azure-functions.tgz",
        "@azure/functions-extensions-base": "file:/artifacts/azure-functions-extensions-base.tgz"
      }
    },
    "node_modules/@azure/functions": {
      "version": "4.16.3",
      "resolved": "file:../../artifacts/azure-functions.tgz",
      "integrity": "sha512-xe0VhPIoT1rF3XVVTHt/67raoitXN+TYgBI2qqJea1DBVY60yQdrTV85SxVjlE4eBHzjFJRSxKsfSPUylnMJeg==",
      "license": "MIT",
      "dependencies": {
        "@azure/functions-extensions-base": "0.3.0",
        "cookie": "^0.7.0"
      },
      "engines": {
        "node": ">=20.0"
      }
    },
    "node_modules/@azure/functions-extensions-base": {
      "version": "0.3.0",
      "resolved": "file:../../artifacts/azure-functions-extensions-base.tgz",
      "integrity": "sha512-hyL6VGg37YX473uuNDPHKOIQgESf7hF3pvfcBh+gi+M4Fu9YlABpO0mm7fPZyF+yhHZLX7gERo3LveFbTpgEvQ==",
      "license": "MIT",
      "engines": {
        "node": ">=18.0"
      }
    },
    "node_modules/cookie": {
      "version": "0.7.2",
      "resolved": "https://pkgs.dev.azure.com/azfunc/public/_packaging/upstream-public/npm/registry/cookie/-/cookie-0.7.2.tgz",
      "integrity": "sha1-VWNpxHKiupEPKXmJG1JrNDYjftc=",
      "license": "MIT",
      "engines": {
        "node": ">= 0.6"
      }
    }
  }
}
