
Microsoft Visual Studio Solution File, Format Version 12.00
# Visual Studio 15
VisualStudioVersion = 15.0.26730.3
MinimumVisualStudioVersion = 10.0.40219.1
Project("{FAE04EC0-301F-11D3-BF4B-00C04F79EFBC}") = "KafkaMessageTriggerExtension", "KafkaMessageTriggerExtension\KafkaMessageTriggerExtension.csproj", "{5BFE768C-6E46-494F-A3EE-37FA0B02F465}"
EndProject
Project("{9A19103F-16F7-4668-BE54-9A1E7A4F7556}") = "TestFunction", "TestFunction\TestFunction.csproj", "{16E79133-0BE6-4DAE-B4D7-D1B8DA01C8E3}"
EndProject
Global
	GlobalSection(SolutionConfigurationPlatforms) = preSolution
		Debug|Any CPU = Debug|Any CPU
		Release|Any CPU = Release|Any CPU
	EndGlobalSection
	GlobalSection(ProjectConfigurationPlatforms) = postSolution
		{5BFE768C-6E46-494F-A3EE-37FA0B02F465}.Debug|Any CPU.ActiveCfg = Debug|Any CPU
		{5BFE768C-6E46-494F-A3EE-37FA0B02F465}.Debug|Any CPU.Build.0 = Debug|Any CPU
		{5BFE768C-6E46-494F-A3EE-37FA0B02F465}.Release|Any CPU.ActiveCfg = Release|Any CPU
		{5BFE768C-6E46-494F-A3EE-37FA0B02F465}.Release|Any CPU.Build.0 = Release|Any CPU
		{16E79133-0BE6-4DAE-B4D7-D1B8DA01C8E3}.Debug|Any CPU.ActiveCfg = Debug|Any CPU
		{16E79133-0BE6-4DAE-B4D7-D1B8DA01C8E3}.Debug|Any CPU.Build.0 = Debug|Any CPU
		{16E79133-0BE6-4DAE-B4D7-D1B8DA01C8E3}.Release|Any CPU.ActiveCfg = Release|Any CPU
		{16E79133-0BE6-4DAE-B4D7-D1B8DA01C8E3}.Release|Any CPU.Build.0 = Release|Any CPU
	EndGlobalSection
	GlobalSection(SolutionProperties) = preSolution
		HideSolutionNode = FALSE
	EndGlobalSection
	GlobalSection(ExtensibilityGlobals) = postSolution
		SolutionGuid = {EA12E872-7F46-49CD-92D1-D55C60231E79}
	EndGlobalSection
EndGlobal
